{
  "name": "ajs-homeworks-platforms-nodejs",
  "version": "1.0.0",
  "lockfileVersion": 2,
  "requires": true,
  "packages": {
    "": {
      "name": "ajs-homeworks-platforms-nodejs",
      "version": "1.0.0",
      "license": "ISC",
      "dependencies": {
        "@marinaustinovich/ajs-homeworks-platforms": "^1.0.1"
      }
    },
    "node_modules/@marinaustinovich/ajs-homeworks-platforms": {
      "version": "1.0.1",
      "resolved": "https://npm.pkg.github.com/download/@marinaustinovich/ajs-homeworks-platforms/1.0.1/6a6c0124e7eb9ede97e876f4ed995871ad951aa9",
      "integrity": "sha512-ZbYKHfC9AOZvIeOBbUd5VrJTTznOlIbOPHfRVrmoRW0COTrSZxycnrh5f6mv2ZV7UhRS5Hab+AofyI6kakUnAA==",
      "license": "ISC"
    }
  },
  "dependencies": {
    "@marinaustinovich/ajs-homeworks-platforms": {
      "version": "1.0.1",
      "resolved": "https://npm.pkg.github.com/download/@marinaustinovich/ajs-homeworks-platforms/1.0.1/6a6c0124e7eb9ede97e876f4ed995871ad951aa9",
      "integrity": "sha512-ZbYKHfC9AOZvIeOBbUd5VrJTTznOlIbOPHfRVrmoRW0COTrSZxycnrh5f6mv2ZV7UhRS5Hab+AofyI6kakUnAA=="
    }
  }
}
